
Microsoft Visual Studio Solution File, Format Version 12.00
# Visual Studio Version 17
VisualStudioVersion = 17.10.35004.147
MinimumVisualStudioVersion = 10.0.40219.1
Project("{FAE04EC0-301F-11D3-BF4B-00C04F79EFBC}") = "FirstApi", "FirstApi.csproj", "{D93177F4-F510-400D-8718-F5A88C86237F}"
EndProject
Global
	GlobalSection(SolutionConfigurationPlatforms) = preSolution
		Debug|Any CPU = Debug|Any CPU
		Release|Any CPU = Release|Any CPU
	EndGlobalSection
	GlobalSection(ProjectConfigurationPlatforms) = postSolution
		{D93177F4-F510-400D-8718-F5A88C86237F}.Debug|Any CPU.ActiveCfg = Debug|Any CPU
		{D93177F4-F510-400D-8718-F5A88C86237F}.Debug|Any CPU.Build.0 = Debug|Any CPU
		{D93177F4-F510-400D-8718-F5A88C86237F}.Release|Any CPU.ActiveCfg = Release|Any CPU
		{D93177F4-F510-400D-8718-F5A88C86237F}.Release|Any CPU.Build.0 = Release|Any CPU
	EndGlobalSection
	GlobalSection(SolutionProperties) = preSolution
		HideSolutionNode = FALSE
	EndGlobalSection
	GlobalSection(ExtensibilityGlobals) = postSolution
		SolutionGuid = {85020DA5-7A9A-4183-9930-D97120F1AC55}
	EndGlobalSection
EndGlobal
